
Microsoft Visual Studio Solution File, Format Version 12.00
# Visual Studio Version 16
VisualStudioVersion = 25.0.1703.2
MinimumVisualStudioVersion = 10.0.40219.1
Project("{FAE04EC0-301F-11D3-BF4B-00C04F79EFBC}") = "FL2022-Assignment1-sliang", "FL2022-Assignment1-sliang\FL2022-Assignment1-sliang.csproj", "{758EC6B5-6CA7-4F76-839A-635D804A0869}"
EndProject
Global
	GlobalSection(SolutionConfigurationPlatforms) = preSolution
		Debug|Any CPU = Debug|Any CPU
		Release|Any CPU = Release|Any CPU
	EndGlobalSection
	GlobalSection(ProjectConfigurationPlatforms) = postSolution
		{758EC6B5-6CA7-4F76-839A-635D804A0869}.Debug|Any CPU.ActiveCfg = Debug|Any CPU
		{758EC6B5-6CA7-4F76-839A-635D804A0869}.Debug|Any CPU.Build.0 = Debug|Any CPU
		{758EC6B5-6CA7-4F76-839A-635D804A0869}.Release|Any CPU.ActiveCfg = Release|Any CPU
		{758EC6B5-6CA7-4F76-839A-635D804A0869}.Release|Any CPU.Build.0 = Release|Any CPU
	EndGlobalSection
	GlobalSection(SolutionProperties) = preSolution
		HideSolutionNode = FALSE
	EndGlobalSection
	GlobalSection(ExtensibilityGlobals) = postSolution
		SolutionGuid = {5E771A59-BB19-422D-8DDB-39841AC5C1D6}
	EndGlobalSection
EndGlobal
